
Microsoft Visual Studio Solution File, Format Version 12.00
# Visual Studio Version 17
VisualStudioVersion = 17.0.31903.59
MinimumVisualStudioVersion = 10.0.40219.1
Project("{FAE04EC0-301F-11D3-BF4B-00C04F79EFBC}") = "LoanCalculator", "LoanCalculator\LoanCalculator.csproj", "{ABCB162A-A25C-4946-8F7C-81E815BB6803}"
EndProject
Project("{FAE04EC0-301F-11D3-BF4B-00C04F79EFBC}") = "LoanCalculator.Tests", "LoanCalculator.Tests\LoanCalculator.Tests.csproj", "{D2D19082-BD39-4286-8683-D4DC41187F73}"
EndProject
Global
	GlobalSection(SolutionConfigurationPlatforms) = preSolution
		Debug|Any CPU = Debug|Any CPU
		Release|Any CPU = Release|Any CPU
	EndGlobalSection
	GlobalSection(SolutionProperties) = preSolution
		HideSolutionNode = FALSE
	EndGlobalSection
	GlobalSection(ProjectConfigurationPlatforms) = postSolution
		{ABCB162A-A25C-4946-8F7C-81E815BB6803}.Debug|Any CPU.ActiveCfg = Debug|Any CPU
		{ABCB162A-A25C-4946-8F7C-81E815BB6803}.Debug|Any CPU.Build.0 = Debug|Any CPU
		{ABCB162A-A25C-4946-8F7C-81E815BB6803}.Release|Any CPU.ActiveCfg = Release|Any CPU
		{ABCB162A-A25C-4946-8F7C-81E815BB6803}.Release|Any CPU.Build.0 = Release|Any CPU
		{D2D19082-BD39-4286-8683-D4DC41187F73}.Debug|Any CPU.ActiveCfg = Debug|Any CPU
		{D2D19082-BD39-4286-8683-D4DC41187F73}.Debug|Any CPU.Build.0 = Debug|Any CPU
		{D2D19082-BD39-4286-8683-D4DC41187F73}.Release|Any CPU.ActiveCfg = Release|Any CPU
		{D2D19082-BD39-4286-8683-D4DC41187F73}.Release|Any CPU.Build.0 = Release|Any CPU
	EndGlobalSection
EndGlobal
